
Microsoft Visual Studio Solution File, Format Version 12.00
# Visual Studio Version 17
VisualStudioVersion = 17.8.34525.116
MinimumVisualStudioVersion = 10.0.40219.1
Project("{9A19103F-16F7-4668-BE54-9A1E7A4F7556}") = "LoginManagmentSystem", "LoginManagmentSystem\LoginManagmentSystem.csproj", "{470FB0EE-4789-4112-B12D-721C17E779CB}"
EndProject
Project("{FAE04EC0-301F-11D3-BF4B-00C04F79EFBC}") = "System.DataAcesses", "System.DataAcesses\System.DataAcesses.csproj", "{EACD6405-D506-417E-AFAB-59A9A215F0E6}"
EndProject
Project("{FAE04EC0-301F-11D3-BF4B-00C04F79EFBC}") = "System.BusinessLogic", "System.BusinessLogic\System.BusinessLogic.csproj", "{AA1F2660-B280-41C4-84F3-EE1E89DADC9B}"
EndProject
Global
	GlobalSection(SolutionConfigurationPlatforms) = preSolution
		Debug|Any CPU = Debug|Any CPU
		Release|Any CPU = Release|Any CPU
	EndGlobalSection
	GlobalSection(ProjectConfigurationPlatforms) = postSolution
		{470FB0EE-4789-4112-B12D-721C17E779CB}.Debug|Any CPU.ActiveCfg = Debug|Any CPU
		{470FB0EE-4789-4112-B12D-721C17E779CB}.Debug|Any CPU.Build.0 = Debug|Any CPU
		{470FB0EE-4789-4112-B12D-721C17E779CB}.Release|Any CPU.ActiveCfg = Release|Any CPU
		{470FB0EE-4789-4112-B12D-721C17E779CB}.Release|Any CPU.Build.0 = Release|Any CPU
		{EACD6405-D506-417E-AFAB-59A9A215F0E6}.Debug|Any CPU.ActiveCfg = Debug|Any CPU
		{EACD6405-D506-417E-AFAB-59A9A215F0E6}.Debug|Any CPU.Build.0 = Debug|Any CPU
		{EACD6405-D506-417E-AFAB-59A9A215F0E6}.Release|Any CPU.ActiveCfg = Release|Any CPU
		{EACD6405-D506-417E-AFAB-59A9A215F0E6}.Release|Any CPU.Build.0 = Release|Any CPU
		{AA1F2660-B280-41C4-84F3-EE1E89DADC9B}.Debug|Any CPU.ActiveCfg = Debug|Any CPU
		{AA1F2660-B280-41C4-84F3-EE1E89DADC9B}.Debug|Any CPU.Build.0 = Debug|Any CPU
		{AA1F2660-B280-41C4-84F3-EE1E89DADC9B}.Release|Any CPU.ActiveCfg = Release|Any CPU
		{AA1F2660-B280-41C4-84F3-EE1E89DADC9B}.Release|Any CPU.Build.0 = Release|Any CPU
	EndGlobalSection
	GlobalSection(SolutionProperties) = preSolution
		HideSolutionNode = FALSE
	EndGlobalSection
	GlobalSection(ExtensibilityGlobals) = postSolution
		SolutionGuid = {E6115918-10D2-4EBB-9CB7-64D38AF40010}
	EndGlobalSection
EndGlobal
